// !$*UTF8*$!
{
	archiveVersion = 1;
	classes = {
	};
	objectVersion = 56;
	objects = {

/* Begin PBXBuildFile section */
		9741A9F0296C526F006091C8 /* LilOssaCompassViewModel.swift in Sources */ = {isa = PBXBuildFile; fileRef = 9741A9EF296C526F006091C8 /* LilOssaCompassViewModel.swift */; };
		9741A9F2296C52BD006091C8 /* CLLocationDegrees+radian.swift in Sources */ = {isa = PBXBuildFile; fileRef = 9741A9F1296C52BD006091C8 /* CLLocationDegrees+radian.swift */; };
		9741A9F4296C533D006091C8 /* LilossaCoordinateAPI.swift in Sources */ = {isa = PBXBuildFile; fileRef = 9741A9F3296C533D006091C8 /* LilossaCoordinateAPI.swift */; };
		9741A9F6296C536C006091C8 /* LilossaCoordinate.swift in Sources */ = {isa = PBXBuildFile; fileRef = 9741A9F5296C536C006091C8 /* LilossaCoordinate.swift */; };
		97E581B2296A2B97002B8545 /* littleossaCompassApp.swift in Sources */ = {isa = PBXBuildFile; fileRef = 97E581B1296A2B97002B8545 /* littleossaCompassApp.swift */; };
		97E581B4296A2B97002B8545 /* ContentView.swift in Sources */ = {isa = PBXBuildFile; fileRef = 97E581B3296A2B97002B8545 /* ContentView.swift */; };
		97E581B6296A2B98002B8545 /* Assets.xcassets in Resources */ = {isa = PBXBuildFile; fileRef = 97E581B5296A2B98002B8545 /* Assets.xcassets */; };
		97E581B9296A2B98002B8545 /* Preview Assets.xcassets in Resources */ = {isa = PBXBuildFile; fileRef = 97E581B8296A2B98002B8545 /* Preview Assets.xcassets */; };
/* End PBXBuildFile section */

/* Begin PBXFileReference section */
		9741A9EF296C526F006091C8 /* LilOssaCompassViewModel.swift */ = {isa = PBXFileReference; lastKnownFileType = sourcecode.swift; path = LilOssaCompassViewModel.swift; sourceTree = "<group>"; };
		9741A9F1296C52BD006091C8 /* CLLocationDegrees+radian.swift */ = {isa = PBXFileReference; lastKnownFileType = sourcecode.swift; path = "CLLocationDegrees+radian.swift"; sourceTree = "<group>"; };
		9741A9F3296C533D006091C8 /* LilossaCoordinateAPI.swift */ = {isa = PBXFileReference; lastKnownFileType = sourcecode.swift; path = LilossaCoordinateAPI.swift; sourceTree = "<group>"; };
		9741A9F5296C536C006091C8 /* LilossaCoordinate.swift */ = {isa = PBXFileReference; lastKnownFileType = sourcecode.swift; path = LilossaCoordinate.swift; sourceTree = "<group>"; };
		97E581AE296A2B97002B8545 /* littleossaCompass.app */ = {isa = PBXFileReference; explicitFileType = wrapper.application; includeInIndex = 0; path = littleossaCompass.app; sourceTree = BUILT_PRODUCTS_DIR; };
		97E581B1296A2B97002B8545 /* littleossaCompassApp.swift */ = {isa = PBXFileReference; lastKnownFileType = sourcecode.swift; path = littleossaCompassApp.swift; sourceTree = "<group>"; };
		97E581B3296A2B97002B8545 /* ContentView.swift */ = {isa = PBXFileReference; lastKnownFileType = sourcecode.swift; path = ContentView.swift; sourceTree = "<group>"; };
		97E581B5296A2B98002B8545 /* Assets.xcassets */ = {isa = PBXFileReference; lastKnownFileType = folder.assetcatalog; path = Assets.xcassets; sourceTree = "<group>"; };
		97E581B8296A2B98002B8545 /* Preview Assets.xcassets */ = {isa = PBXFileReference; lastKnownFileType = folder.assetcatalog; path = "Preview Assets.xcassets"; sourceTree = "<group>"; };
		97E581BF296C18FB002B8545 /* Info.plist */ = {isa = PBXFileReference; lastKnownFileType = text.plist; path = Info.plist; sourceTree = "<group>"; };
/* End PBXFileReference section */

/* Begin PBXFrameworksBuildPhase section */
		97E581AB296A2B96002B8545 /* Frameworks */ = {
			isa = PBXFrameworksBuildPhase;
			buildActionMask = 2147483647;
			files = (
			);
			runOnlyForDeploymentPostprocessing = 0;
		};
/* End PBXFrameworksBuildPhase section */

/* Begin PBXGroup section */
		9741A9F7296C537E006091C8 /* View */ = {
			isa = PBXGroup;
			children = (
				97E581B3296A2B97002B8545 /* ContentView.swift */,
			);
			path = View;
			sourceTree = "<group>";
		};
		9741A9F8296C538B006091C8 /* APIClient */ = {
			isa = PBXGroup;
			children = (
				9741A9F3296C533D006091C8 /* LilossaCoordinateAPI.swift */,
			);
			path = APIClient;
			sourceTree = "<group>";
		};
		9741A9F9296C5406006091C8 /* Model */ = {
			isa = PBXGroup;
			children = (
				9741A9F5296C536C006091C8 /* LilossaCoordinate.swift */,
			);
			path = Model;
			sourceTree = "<group>";
		};
		9741A9FA296C5415006091C8 /* Extension */ = {
			isa = PBXGroup;
			children = (
				9741A9F1296C52BD006091C8 /* CLLocationDegrees+radian.swift */,
			);
			path = Extension;
			sourceTree = "<group>";
		};
		974BE39029735BB500329D9C /* ViewModel */ = {
			isa = PBXGroup;
			children = (
				9741A9EF296C526F006091C8 /* LilOssaCompassViewModel.swift */,
			);
			path = ViewModel;
			sourceTree = "<group>";
		};
		97E581A5296A2B96002B8545 = {
			isa = PBXGroup;
			children = (
				97E581B0296A2B97002B8545 /* littleossaCompass */,
				97E581AF296A2B97002B8545 /* Products */,
			);
			sourceTree = "<group>";
		};
		97E581AF296A2B97002B8545 /* Products */ = {
			isa = PBXGroup;
			children = (
				97E581AE296A2B97002B8545 /* littleossaCompass.app */,
			);
			name = Products;
			sourceTree = "<group>";
		};
		97E581B0296A2B97002B8545 /* littleossaCompass */ = {
			isa = PBXGroup;
			children = (
				97E581BF296C18FB002B8545 /* Info.plist */,
				97E581B1296A2B97002B8545 /* littleossaCompassApp.swift */,
				9741A9F8296C538B006091C8 /* APIClient */,
				9741A9F9296C5406006091C8 /* Model */,
				9741A9F7296C537E006091C8 /* View */,
				974BE39029735BB500329D9C /* ViewModel */,
				9741A9FA296C5415006091C8 /* Extension */,
				97E581B5296A2B98002B8545 /* Assets.xcassets */,
				97E581B7296A2B98002B8545 /* Preview Content */,
			);
			path = littleossaCompass;
			sourceTree = "<group>";
		};
		97E581B7296A2B98002B8545 /* Preview Content */ = {
			isa = PBXGroup;
			children = (
				97E581B8296A2B98002B8545 /* Preview Assets.xcassets */,
			);
			path = "Preview Content";
			sourceTree = "<group>";
		};
/* End PBXGroup section */

/* Begin PBXNativeTarget section */
		97E581AD296A2B96002B8545 /* littleossaCompass */ = {
			isa = PBXNativeTarget;
			buildConfigurationList = 97E581BC296A2B98002B8545 /* Build configuration list for PBXNativeTarget "littleossaCompass" */;
			buildPhases = (
				97E581AA296A2B96002B8545 /* Sources */,
				97E581AB296A2B96002B8545 /* Frameworks */,
				97E581AC296A2B96002B8545 /* Resources */,
			);
			buildRules = (
			);
			dependencies = (
			);
			name = littleossaCompass;
			productName = littleossaCompass;
			productReference = 97E581AE296A2B97002B8545 /* littleossaCompass.app */;
			productType = "com.apple.product-type.application";
		};
/* End PBXNativeTarget section */

/* Begin PBXProject section */
		97E581A6296A2B96002B8545 /* Project object */ = {
			isa = PBXProject;
			attributes = {
				BuildIndependentTargetsInParallel = 1;
				LastSwiftUpdateCheck = 1420;
				LastUpgradeCheck = 1420;
				TargetAttributes = {
					97E581AD296A2B96002B8545 = {
						CreatedOnToolsVersion = 14.2;
					};
				};
			};
			buildConfigurationList = 97E581A9296A2B96002B8545 /* Build configuration list for PBXProject "littleossaCompass" */;
			compatibilityVersion = "Xcode 14.0";
			developmentRegion = en;
			hasScannedForEncodings = 0;
			knownRegions = (
				en,
				Base,
			);
			mainGroup = 97E581A5296A2B96002B8545;
			productRefGroup = 97E581AF296A2B97002B8545 /* Products */;
			projectDirPath = "";
			projectRoot = "";
			targets = (
				97E581AD296A2B96002B8545 /* littleossaCompass */,
			);
		};
/* End PBXProject section */

/* Begin PBXResourcesBuildPhase section */
		97E581AC296A2B96002B8545 /* Resources */ = {
			isa = PBXResourcesBuildPhase;
			buildActionMask = 2147483647;
			files = (
				97E581B9296A2B98002B8545 /* Preview Assets.xcassets in Resources */,
				97E581B6296A2B98002B8545 /* Assets.xcassets in Resources */,
			);
			runOnlyForDeploymentPostprocessing = 0;
		};
/* End PBXResourcesBuildPhase section */

/* Begin PBXSourcesBuildPhase section */
		97E581AA296A2B96002B8545 /* Sources */ = {
			isa = PBXSourcesBuildPhase;
			buildActionMask = 2147483647;
			files = (
				97E581B4296A2B97002B8545 /* ContentView.swift in Sources */,
				9741A9F0296C526F006091C8 /* LilOssaCompassViewModel.swift in Sources */,
				97E581B2296A2B97002B8545 /* littleossaCompassApp.swift in Sources */,
				9741A9F4296C533D006091C8 /* LilossaCoordinateAPI.swift in Sources */,
				9741A9F2296C52BD006091C8 /* CLLocationDegrees+radian.swift in Sources */,
				9741A9F6296C536C006091C8 /* LilossaCoordinate.swift in Sources */,
			);
			runOnlyForDeploymentPostprocessing = 0;
		};
/* End PBXSourcesBuildPhase section */

/* Begin XCBuildConfiguration section */
		97E581BA296A2B98002B8545 /* Debug */ = {
			isa = XCBuildConfiguration;
			buildSettings = {
				ALWAYS_SEARCH_USER_PATHS = NO;
				CLANG_ANALYZER_NONNULL = YES;
				CLANG_ANALYZER_NUMBER_OBJECT_CONVERSION = YES_AGGRESSIVE;
				CLANG_CXX_LANGUAGE_STANDARD = "gnu++20";
				CLANG_ENABLE_MODULES = YES;
				CLANG_ENABLE_OBJC_ARC = YES;
				CLANG_ENABLE_OBJC_WEAK = YES;
				CLANG_WARN_BLOCK_CAPTURE_AUTORELEASING = YES;
				CLANG_WARN_BOOL_CONVERSION = YES;
				CLANG_WARN_COMMA = YES;
				CLANG_WARN_CONSTANT_CONVERSION = YES;
				CLANG_WARN_DEPRECATED_OBJC_IMPLEMENTATIONS = YES;
				CLANG_WARN_DIRECT_OBJC_ISA_USAGE = YES_ERROR;
				CLANG_WARN_DOCUMENTATION_COMMENTS = YES;
				CLANG_WARN_EMPTY_BODY = YES;
				CLANG_WARN_ENUM_CONVERSION = YES;
				CLANG_WARN_INFINITE_RECURSION = YES;
				CLANG_WARN_INT_CONVERSION = YES;
				CLANG_WARN_NON_LITERAL_NULL_CONVERSION = YES;
				CLANG_WARN_OBJC_IMPLICIT_RETAIN_SELF = YES;
				CLANG_WARN_OBJC_LITERAL_CONVERSION = YES;
				CLANG_WARN_OBJC_ROOT_CLASS = YES_ERROR;
				CLANG_WARN_QUOTED_INCLUDE_IN_FRAMEWORK_HEADER = YES;
				CLANG_WARN_RANGE_LOOP_ANALYSIS = YES;
				CLANG_WARN_STRICT_PROTOTYPES = YES;
				CLANG_WARN_SUSPICIOUS_MOVE = YES;
				CLANG_WARN_UNGUARDED_AVAILABILITY = YES_AGGRESSIVE;
				CLANG_WARN_UNREACHABLE_CODE = YES;
				CLANG_WARN__DUPLICATE_METHOD_MATCH = YES;
				COPY_PHASE_STRIP = NO;
				DEBUG_INFORMATION_FORMAT = dwarf;
				ENABLE_STRICT_OBJC_MSGSEND = YES;
				ENABLE_TESTABILITY = YES;
				GCC_C_LANGUAGE_STANDARD = gnu11;
				GCC_DYNAMIC_NO_PIC = NO;
				GCC_NO_COMMON_BLOCKS = YES;
				GCC_OPTIMIZATION_LEVEL = 0;
				GCC_PREPROCESSOR_DEFINITIONS = (
					"DEBUG=1",
					"$(inherited)",
				);
				GCC_WARN_64_TO_32_BIT_CONVERSION = YES;
				GCC_WARN_ABOUT_RETURN_TYPE = YES_ERROR;
				GCC_WARN_UNDECLARED_SELECTOR = YES;
				GCC_WARN_UNINITIALIZED_AUTOS = YES_AGGRESSIVE;
				GCC_WARN_UNUSED_FUNCTION = YES;
				GCC_WARN_UNUSED_VARIABLE = YES;
				IPHONEOS_DEPLOYMENT_TARGET = 16.2;
				MTL_ENABLE_DEBUG_INFO = INCLUDE_SOURCE;
				MTL_FAST_MATH = YES;
				ONLY_ACTIVE_ARCH = YES;
				SDKROOT = iphoneos;
				SWIFT_ACTIVE_COMPILATION_CONDITIONS = DEBUG;
				SWIFT_OPTIMIZATION_LEVEL = "-Onone";
			};
			name = Debug;
		};
		97E581BB296A2B98002B8545 /* Release */ = {
			isa = XCBuildConfiguration;
			buildSettings = {
				ALWAYS_SEARCH_USER_PATHS = NO;
				CLANG_ANALYZER_NONNULL = YES;
				CLANG_ANALYZER_NUMBER_OBJECT_CONVERSION = YES_AGGRESSIVE;
				CLANG_CXX_LANGUAGE_STANDARD = "gnu++20";
				CLANG_ENABLE_MODULES = YES;
				CLANG_ENABLE_OBJC_ARC = YES;
				CLANG_ENABLE_OBJC_WEAK = YES;
				CLANG_WARN_BLOCK_CAPTURE_AUTORELEASING = YES;
				CLANG_WARN_BOOL_CONVERSION = YES;
				CLANG_WARN_COMMA = YES;
				CLANG_WARN_CONSTANT_CONVERSION = YES;
				CLANG_WARN_DEPRECATED_OBJC_IMPLEMENTATIONS = YES;
				CLANG_WARN_DIRECT_OBJC_ISA_USAGE = YES_ERROR;
				CLANG_WARN_DOCUMENTATION_COMMENTS = YES;
				CLANG_WARN_EMPTY_BODY = YES;
				CLANG_WARN_ENUM_CONVERSION = YES;
				CLANG_WARN_INFINITE_RECURSION = YES;
				CLANG_WARN_INT_CONVERSION = YES;
				CLANG_WARN_NON_LITERAL_NULL_CONVERSION = YES;
				CLANG_WARN_OBJC_IMPLICIT_RETAIN_SELF = YES;
				CLANG_WARN_OBJC_LITERAL_CONVERSION = YES;
				CLANG_WARN_OBJC_ROOT_CLASS = YES_ERROR;
				CLANG_WARN_QUOTED_INCLUDE_IN_FRAMEWORK_HEADER = YES;
				CLANG_WARN_RANGE_LOOP_ANALYSIS = YES;
				CLANG_WARN_STRICT_PROTOTYPES = YES;
				CLANG_WARN_SUSPICIOUS_MOVE = YES;
				CLANG_WARN_UNGUARDED_AVAILABILITY = YES_AGGRESSIVE;
				CLANG_WARN_UNREACHABLE_CODE = YES;
				CLANG_WARN__DUPLICATE_METHOD_MATCH = YES;
				COPY_PHASE_STRIP = NO;
				DEBUG_INFORMATION_FORMAT = "dwarf-with-dsym";
				ENABLE_NS_ASSERTIONS = NO;
				ENABLE_STRICT_OBJC_MSGSEND = YES;
				GCC_C_LANGUAGE_STANDARD = gnu11;
				GCC_NO_COMMON_BLOCKS = YES;
				GCC_WARN_64_TO_32_BIT_CONVERSION = YES;
				GCC_WARN_ABOUT_RETURN_TYPE = YES_ERROR;
				GCC_WARN_UNDECLARED_SELECTOR = YES;
				GCC_WARN_UNINITIALIZED_AUTOS = YES_AGGRESSIVE;
				GCC_WARN_UNUSED_FUNCTION = YES;
				GCC_WARN_UNUSED_VARIABLE = YES;
				IPHONEOS_DEPLOYMENT_TARGET = 16.2;
				MTL_ENABLE_DEBUG_INFO = NO;
				MTL_FAST_MATH = YES;
				SDKROOT = iphoneos;
				SWIFT_COMPILATION_MODE = wholemodule;
				SWIFT_OPTIMIZATION_LEVEL = "-O";
				VALIDATE_PRODUCT = YES;
			};
			name = Release;
		};
		97E581BD296A2B98002B8545 /* Debug */ = {
			isa = XCBuildConfiguration;
			buildSettings = {
				ASSETCATALOG_COMPILER_APPICON_NAME = AppIcon;
				ASSETCATALOG_COMPILER_GLOBAL_ACCENT_COLOR_NAME = AccentColor;
				CODE_SIGN_STYLE = Automatic;
				CURRENT_PROJECT_VERSION = 1;
				DEVELOPMENT_ASSET_PATHS = "\"littleossaCompass/Preview Content\"";
				DEVELOPMENT_TEAM = 2V4975L824;
				ENABLE_PREVIEWS = YES;
				GENERATE_INFOPLIST_FILE = YES;
				INFOPLIST_FILE = littleossaCompass/Info.plist;
				INFOPLIST_KEY_NSLocationWhenInUseUsageDescription = "枕の位置を取得する為に現在地が必要です。";
				INFOPLIST_KEY_UIApplicationSceneManifest_Generation = YES;
				INFOPLIST_KEY_UIApplicationSupportsIndirectInputEvents = YES;
				INFOPLIST_KEY_UILaunchScreen_Generation = YES;
				INFOPLIST_KEY_UISupportedInterfaceOrientations_iPad = "UIInterfaceOrientationPortrait UIInterfaceOrientationPortraitUpsideDown UIInterfaceOrientationLandscapeLeft UIInterfaceOrientationLandscapeRight";
				INFOPLIST_KEY_UISupportedInterfaceOrientations_iPhone = "UIInterfaceOrientationPortrait UIInterfaceOrientationLandscapeLeft UIInterfaceOrientationLandscapeRight";
				LD_RUNPATH_SEARCH_PATHS = (
					"$(inherited)",
					"@executable_path/Frameworks",
				);
				MARKETING_VERSION = 1.0;
				PRODUCT_BUNDLE_IDENTIFIER = jp.co.lilossa.littleossaCompass;
				PRODUCT_NAME = "$(TARGET_NAME)";
				SWIFT_EMIT_LOC_STRINGS = YES;
				SWIFT_VERSION = 5.0;
				TARGETED_DEVICE_FAMILY = "1,2";
			};
			name = Debug;
		};
		97E581BE296A2B98002B8545 /* Release */ = {
			isa = XCBuildConfiguration;
			buildSettings = {
				ASSETCATALOG_COMPILER_APPICON_NAME = AppIcon;
				ASSETCATALOG_COMPILER_GLOBAL_ACCENT_COLOR_NAME = AccentColor;
				CODE_SIGN_STYLE = Automatic;
				CURRENT_PROJECT_VERSION = 1;
				DEVELOPMENT_ASSET_PATHS = "\"littleossaCompass/Preview Content\"";
				DEVELOPMENT_TEAM = 2V4975L824;
				ENABLE_PREVIEWS = YES;
				GENERATE_INFOPLIST_FILE = YES;
				INFOPLIST_FILE = littleossaCompass/Info.plist;
				INFOPLIST_KEY_NSLocationWhenInUseUsageDescription = "枕の位置を取得する為に現在地が必要です。";
				INFOPLIST_KEY_UIApplicationSceneManifest_Generation = YES;
				INFOPLIST_KEY_UIApplicationSupportsIndirectInputEvents = YES;
				INFOPLIST_KEY_UILaunchScreen_Generation = YES;
				INFOPLIST_KEY_UISupportedInterfaceOrientations_iPad = "UIInterfaceOrientationPortrait UIInterfaceOrientationPortraitUpsideDown UIInterfaceOrientationLandscapeLeft UIInterfaceOrientationLandscapeRight";
				INFOPLIST_KEY_UISupportedInterfaceOrientations_iPhone = "UIInterfaceOrientationPortrait UIInterfaceOrientationLandscapeLeft UIInterfaceOrientationLandscapeRight";
				LD_RUNPATH_SEARCH_PATHS = (
					"$(inherited)",
					"@executable_path/Frameworks",
				);
				MARKETING_VERSION = 1.0;
				PRODUCT_BUNDLE_IDENTIFIER = jp.co.lilossa.littleossaCompass;
				PRODUCT_NAME = "$(TARGET_NAME)";
				SWIFT_EMIT_LOC_STRINGS = YES;
				SWIFT_VERSION = 5.0;
				TARGETED_DEVICE_FAMILY = "1,2";
			};
			name = Release;
		};
/* End XCBuildConfiguration section */

/* Begin XCConfigurationList section */
		97E581A9296A2B96002B8545 /* Build configuration list for PBXProject "littleossaCompass" */ = {
			isa = XCConfigurationList;
			buildConfigurations = (
				97E581BA296A2B98002B8545 /* Debug */,
				97E581BB296A2B98002B8545 /* Release */,
			);
			defaultConfigurationIsVisible = 0;
			defaultConfigurationName = Release;
		};
		97E581BC296A2B98002B8545 /* Build configuration list for PBXNativeTarget "littleossaCompass" */ = {
			isa = XCConfigurationList;
			buildConfigurations = (
				97E581BD296A2B98002B8545 /* Debug */,
				97E581BE296A2B98002B8545 /* Release */,
			);
			defaultConfigurationIsVisible = 0;
			defaultConfigurationName = Release;
		};
/* End XCConfigurationList section */
	};
	rootObject = 97E581A6296A2B96002B8545 /* Project object */;
}
